
Microsoft Visual Studio Solution File, Format Version 12.00
# Visual Studio Version 17
VisualStudioVersion = 17.7.34031.279
MinimumVisualStudioVersion = 10.0.40219.1
Project("{FAE04EC0-301F-11D3-BF4B-00C04F79EFBC}") = "Online Doctor Appointment", "Online Doctor Appointment\Online Doctor Appointment.csproj", "{37F7F1A5-ED24-4252-9520-DE7F69AC1E96}"
EndProject
Global
	GlobalSection(SolutionConfigurationPlatforms) = preSolution
		Debug|Any CPU = Debug|Any CPU
		Release|Any CPU = Release|Any CPU
	EndGlobalSection
	GlobalSection(ProjectConfigurationPlatforms) = postSolution
		{37F7F1A5-ED24-4252-9520-DE7F69AC1E96}.Debug|Any CPU.ActiveCfg = Debug|Any CPU
		{37F7F1A5-ED24-4252-9520-DE7F69AC1E96}.Debug|Any CPU.Build.0 = Debug|Any CPU
		{37F7F1A5-ED24-4252-9520-DE7F69AC1E96}.Release|Any CPU.ActiveCfg = Release|Any CPU
		{37F7F1A5-ED24-4252-9520-DE7F69AC1E96}.Release|Any CPU.Build.0 = Release|Any CPU
	EndGlobalSection
	GlobalSection(SolutionProperties) = preSolution
		HideSolutionNode = FALSE
	EndGlobalSection
	GlobalSection(ExtensibilityGlobals) = postSolution
		SolutionGuid = {7F9C12C8-47AD-46C3-B9D8-F6EEEE5707FF}
	EndGlobalSection
EndGlobal
